
Microsoft Visual Studio Solution File, Format Version 12.00
# Visual Studio Version 17
VisualStudioVersion = 17.7.34018.315
MinimumVisualStudioVersion = 10.0.40219.1
Project("{9A19103F-16F7-4668-BE54-9A1E7A4F7556}") = "tpmodul12_2311104046", "tpmodul12_2311104046\tpmodul12_2311104046.csproj", "{F11949E4-077D-4ED2-9F6E-598C594FCD6D}"
EndProject
Project("{FAE04EC0-301F-11D3-BF4B-00C04F79EFBC}") = "TestProject", "TestProject\TestProject.csproj", "{BA564105-64B9-48FE-989D-4EA87D337E8B}"
EndProject
Global
	GlobalSection(SolutionConfigurationPlatforms) = preSolution
		Debug|Any CPU = Debug|Any CPU
		Release|Any CPU = Release|Any CPU
	EndGlobalSection
	GlobalSection(ProjectConfigurationPlatforms) = postSolution
		{F11949E4-077D-4ED2-9F6E-598C594FCD6D}.Debug|Any CPU.ActiveCfg = Debug|Any CPU
		{F11949E4-077D-4ED2-9F6E-598C594FCD6D}.Debug|Any CPU.Build.0 = Debug|Any CPU
		{F11949E4-077D-4ED2-9F6E-598C594FCD6D}.Release|Any CPU.ActiveCfg = Release|Any CPU
		{F11949E4-077D-4ED2-9F6E-598C594FCD6D}.Release|Any CPU.Build.0 = Release|Any CPU
		{BA564105-64B9-48FE-989D-4EA87D337E8B}.Debug|Any CPU.ActiveCfg = Debug|Any CPU
		{BA564105-64B9-48FE-989D-4EA87D337E8B}.Debug|Any CPU.Build.0 = Debug|Any CPU
		{BA564105-64B9-48FE-989D-4EA87D337E8B}.Release|Any CPU.ActiveCfg = Release|Any CPU
		{BA564105-64B9-48FE-989D-4EA87D337E8B}.Release|Any CPU.Build.0 = Release|Any CPU
	EndGlobalSection
	GlobalSection(SolutionProperties) = preSolution
		HideSolutionNode = FALSE
	EndGlobalSection
	GlobalSection(ExtensibilityGlobals) = postSolution
		SolutionGuid = {C17AF3A6-630F-497B-8E37-F1426892ED59}
	EndGlobalSection
EndGlobal
