
Microsoft Visual Studio Solution File, Format Version 12.00
# Visual Studio Version 17
VisualStudioVersion = 17.7.34018.315
MinimumVisualStudioVersion = 10.0.40219.1
Project("{FAE04EC0-301F-11D3-BF4B-00C04F79EFBC}") = "tjmodul15_2311104046", "tjmodul15_2311104046\tjmodul15_2311104046.csproj", "{EB2E31B2-C7A7-4934-AB0A-E5B66541F2B6}"
EndProject
Global
	GlobalSection(SolutionConfigurationPlatforms) = preSolution
		Debug|Any CPU = Debug|Any CPU
		Release|Any CPU = Release|Any CPU
	EndGlobalSection
	GlobalSection(ProjectConfigurationPlatforms) = postSolution
		{EB2E31B2-C7A7-4934-AB0A-E5B66541F2B6}.Debug|Any CPU.ActiveCfg = Debug|Any CPU
		{EB2E31B2-C7A7-4934-AB0A-E5B66541F2B6}.Debug|Any CPU.Build.0 = Debug|Any CPU
		{EB2E31B2-C7A7-4934-AB0A-E5B66541F2B6}.Release|Any CPU.ActiveCfg = Release|Any CPU
		{EB2E31B2-C7A7-4934-AB0A-E5B66541F2B6}.Release|Any CPU.Build.0 = Release|Any CPU
	EndGlobalSection
	GlobalSection(SolutionProperties) = preSolution
		HideSolutionNode = FALSE
	EndGlobalSection
	GlobalSection(ExtensibilityGlobals) = postSolution
		SolutionGuid = {596CEB39-E52F-4E8E-81D6-DC2CBAB91A8F}
	EndGlobalSection
EndGlobal
