
Microsoft Visual Studio Solution File, Format Version 12.00
# Visual Studio Version 17
VisualStudioVersion = 17.7.34018.315
MinimumVisualStudioVersion = 10.0.40219.1
Project("{FAE04EC0-301F-11D3-BF4B-00C04F79EFBC}") = "tpmodul5_2311104046", "tpmodul5_2311104046\tpmodul5_2311104046.csproj", "{54B13299-4D43-4D1A-B75A-1A7AF94741ED}"
EndProject
Global
	GlobalSection(SolutionConfigurationPlatforms) = preSolution
		Debug|Any CPU = Debug|Any CPU
		Release|Any CPU = Release|Any CPU
	EndGlobalSection
	GlobalSection(ProjectConfigurationPlatforms) = postSolution
		{54B13299-4D43-4D1A-B75A-1A7AF94741ED}.Debug|Any CPU.ActiveCfg = Debug|Any CPU
		{54B13299-4D43-4D1A-B75A-1A7AF94741ED}.Debug|Any CPU.Build.0 = Debug|Any CPU
		{54B13299-4D43-4D1A-B75A-1A7AF94741ED}.Release|Any CPU.ActiveCfg = Release|Any CPU
		{54B13299-4D43-4D1A-B75A-1A7AF94741ED}.Release|Any CPU.Build.0 = Release|Any CPU
	EndGlobalSection
	GlobalSection(SolutionProperties) = preSolution
		HideSolutionNode = FALSE
	EndGlobalSection
	GlobalSection(ExtensibilityGlobals) = postSolution
		SolutionGuid = {371CE4B5-53EE-4C92-9994-2F508D928422}
	EndGlobalSection
EndGlobal
