
Microsoft Visual Studio Solution File, Format Version 12.00
# Visual Studio Version 17
VisualStudioVersion = 17.7.34018.315
MinimumVisualStudioVersion = 10.0.40219.1
Project("{FAE04EC0-301F-11D3-BF4B-00C04F79EFBC}") = "tjmodul8_2311104046", "tjmodul8_2311104046\tjmodul8_2311104046.csproj", "{E69EF166-9C3C-4090-A670-177344CDA472}"
EndProject
Global
	GlobalSection(SolutionConfigurationPlatforms) = preSolution
		Debug|Any CPU = Debug|Any CPU
		Release|Any CPU = Release|Any CPU
	EndGlobalSection
	GlobalSection(ProjectConfigurationPlatforms) = postSolution
		{E69EF166-9C3C-4090-A670-177344CDA472}.Debug|Any CPU.ActiveCfg = Debug|Any CPU
		{E69EF166-9C3C-4090-A670-177344CDA472}.Debug|Any CPU.Build.0 = Debug|Any CPU
		{E69EF166-9C3C-4090-A670-177344CDA472}.Release|Any CPU.ActiveCfg = Release|Any CPU
		{E69EF166-9C3C-4090-A670-177344CDA472}.Release|Any CPU.Build.0 = Release|Any CPU
	EndGlobalSection
	GlobalSection(SolutionProperties) = preSolution
		HideSolutionNode = FALSE
	EndGlobalSection
	GlobalSection(ExtensibilityGlobals) = postSolution
		SolutionGuid = {1826A2A8-808A-41D5-B5F5-483A662E6FB1}
	EndGlobalSection
EndGlobal
