
Microsoft Visual Studio Solution File, Format Version 12.00
# Visual Studio Version 17
VisualStudioVersion = 17.7.34018.315
MinimumVisualStudioVersion = 10.0.40219.1
Project("{FAE04EC0-301F-11D3-BF4B-00C04F79EFBC}") = "JM_Modul_3", "JM_Modul_3\JM_Modul_3.csproj", "{5B13C729-13EA-401C-93CD-1779AF6C16CC}"
EndProject
Global
	GlobalSection(SolutionConfigurationPlatforms) = preSolution
		Debug|Any CPU = Debug|Any CPU
		Release|Any CPU = Release|Any CPU
	EndGlobalSection
	GlobalSection(ProjectConfigurationPlatforms) = postSolution
		{5B13C729-13EA-401C-93CD-1779AF6C16CC}.Debug|Any CPU.ActiveCfg = Debug|Any CPU
		{5B13C729-13EA-401C-93CD-1779AF6C16CC}.Debug|Any CPU.Build.0 = Debug|Any CPU
		{5B13C729-13EA-401C-93CD-1779AF6C16CC}.Release|Any CPU.ActiveCfg = Release|Any CPU
		{5B13C729-13EA-401C-93CD-1779AF6C16CC}.Release|Any CPU.Build.0 = Release|Any CPU
	EndGlobalSection
	GlobalSection(SolutionProperties) = preSolution
		HideSolutionNode = FALSE
	EndGlobalSection
	GlobalSection(ExtensibilityGlobals) = postSolution
		SolutionGuid = {679C28B9-CEC3-4487-8438-514A30A63B21}
	EndGlobalSection
EndGlobal
