
Microsoft Visual Studio Solution File, Format Version 12.00
# Visual Studio Version 17
VisualStudioVersion = 17.7.34018.315
MinimumVisualStudioVersion = 10.0.40219.1
Project("{FAE04EC0-301F-11D3-BF4B-00C04F79EFBC}") = "tjmodul9_2311104046", "tjmodul9_2311104046\tjmodul9_2311104046.csproj", "{363468B4-206A-4A12-80C0-47DC534FBA0A}"
EndProject
Global
	GlobalSection(SolutionConfigurationPlatforms) = preSolution
		Debug|Any CPU = Debug|Any CPU
		Release|Any CPU = Release|Any CPU
	EndGlobalSection
	GlobalSection(ProjectConfigurationPlatforms) = postSolution
		{363468B4-206A-4A12-80C0-47DC534FBA0A}.Debug|Any CPU.ActiveCfg = Debug|Any CPU
		{363468B4-206A-4A12-80C0-47DC534FBA0A}.Debug|Any CPU.Build.0 = Debug|Any CPU
		{363468B4-206A-4A12-80C0-47DC534FBA0A}.Release|Any CPU.ActiveCfg = Release|Any CPU
		{363468B4-206A-4A12-80C0-47DC534FBA0A}.Release|Any CPU.Build.0 = Release|Any CPU
	EndGlobalSection
	GlobalSection(SolutionProperties) = preSolution
		HideSolutionNode = FALSE
	EndGlobalSection
	GlobalSection(ExtensibilityGlobals) = postSolution
		SolutionGuid = {4F513DCA-A2C3-4DFE-999B-97E5BBFD0A9B}
	EndGlobalSection
EndGlobal
